// !$*UTF8*$!
{
	archiveVersion = 1;
	classes = {
	};
	objectVersion = 50;
	objects = {

/* Begin PBXBuildFile section */
		A386D02324244F8800E2BBC9 /* AppDelegate.m in Sources */ = {isa = PBXBuildFile; fileRef = A386D02224244F8800E2BBC9 /* AppDelegate.m */; };
		A386D02A24244F8800E2BBC9 /* GameScene.m in Sources */ = {isa = PBXBuildFile; fileRef = A386D02924244F8800E2BBC9 /* GameScene.m */; };
		A386D02D24244F8800E2BBC9 /* GameViewController.m in Sources */ = {isa = PBXBuildFile; fileRef = A386D02C24244F8800E2BBC9 /* GameViewController.m */; };
		A386D03024244F8800E2BBC9 /* Main.storyboard in Resources */ = {isa = PBXBuildFile; fileRef = A386D02E24244F8800E2BBC9 /* Main.storyboard */; };
		A386D03224244F8900E2BBC9 /* Assets.xcassets in Resources */ = {isa = PBXBuildFile; fileRef = A386D03124244F8900E2BBC9 /* Assets.xcassets */; };
		A386D03524244F8900E2BBC9 /* LaunchScreen.storyboard in Resources */ = {isa = PBXBuildFile; fileRef = A386D03324244F8900E2BBC9 /* LaunchScreen.storyboard */; };
		A386D03824244F8900E2BBC9 /* main.m in Sources */ = {isa = PBXBuildFile; fileRef = A386D03724244F8900E2BBC9 /* main.m */; };
/* End PBXBuildFile section */

/* Begin PBXFileReference section */
		A386D01E24244F8800E2BBC9 /* FlipSample.app */ = {isa = PBXFileReference; explicitFileType = wrapper.application; includeInIndex = 0; path = FlipSample.app; sourceTree = BUILT_PRODUCTS_DIR; };
		A386D02124244F8800E2BBC9 /* AppDelegate.h */ = {isa = PBXFileReference; lastKnownFileType = sourcecode.c.h; path = AppDelegate.h; sourceTree = "<group>"; };
		A386D02224244F8800E2BBC9 /* AppDelegate.m */ = {isa = PBXFileReference; lastKnownFileType = sourcecode.c.objc; path = AppDelegate.m; sourceTree = "<group>"; };
		A386D02824244F8800E2BBC9 /* GameScene.h */ = {isa = PBXFileReference; lastKnownFileType = sourcecode.c.h; path = GameScene.h; sourceTree = "<group>"; };
		A386D02924244F8800E2BBC9 /* GameScene.m */ = {isa = PBXFileReference; lastKnownFileType = sourcecode.c.objc; path = GameScene.m; sourceTree = "<group>"; };
		A386D02B24244F8800E2BBC9 /* GameViewController.h */ = {isa = PBXFileReference; lastKnownFileType = sourcecode.c.h; path = GameViewController.h; sourceTree = "<group>"; };
		A386D02C24244F8800E2BBC9 /* GameViewController.m */ = {isa = PBXFileReference; lastKnownFileType = sourcecode.c.objc; path = GameViewController.m; sourceTree = "<group>"; };
		A386D02F24244F8800E2BBC9 /* Base */ = {isa = PBXFileReference; lastKnownFileType = file.storyboard; name = Base; path = Base.lproj/Main.storyboard; sourceTree = "<group>"; };
		A386D03124244F8900E2BBC9 /* Assets.xcassets */ = {isa = PBXFileReference; lastKnownFileType = folder.assetcatalog; path = Assets.xcassets; sourceTree = "<group>"; };
		A386D03424244F8900E2BBC9 /* Base */ = {isa = PBXFileReference; lastKnownFileType = file.storyboard; name = Base; path = Base.lproj/LaunchScreen.storyboard; sourceTree = "<group>"; };
		A386D03624244F8900E2BBC9 /* Info.plist */ = {isa = PBXFileReference; lastKnownFileType = text.plist.xml; path = Info.plist; sourceTree = "<group>"; };
		A386D03724244F8900E2BBC9 /* main.m */ = {isa = PBXFileReference; lastKnownFileType = sourcecode.c.objc; path = main.m; sourceTree = "<group>"; };
/* End PBXFileReference section */

/* Begin PBXFrameworksBuildPhase section */
		A386D01B24244F8800E2BBC9 /* Frameworks */ = {
			isa = PBXFrameworksBuildPhase;
			buildActionMask = 2147483647;
			files = (
			);
			runOnlyForDeploymentPostprocessing = 0;
		};
/* End PBXFrameworksBuildPhase section */

/* Begin PBXGroup section */
		A386D01524244F8800E2BBC9 = {
			isa = PBXGroup;
			children = (
				A386D02024244F8800E2BBC9 /* FlipSample */,
				A386D01F24244F8800E2BBC9 /* Products */,
			);
			sourceTree = "<group>";
		};
		A386D01F24244F8800E2BBC9 /* Products */ = {
			isa = PBXGroup;
			children = (
				A386D01E24244F8800E2BBC9 /* FlipSample.app */,
			);
			name = Products;
			sourceTree = "<group>";
		};
		A386D02024244F8800E2BBC9 /* FlipSample */ = {
			isa = PBXGroup;
			children = (
				A386D02124244F8800E2BBC9 /* AppDelegate.h */,
				A386D02224244F8800E2BBC9 /* AppDelegate.m */,
				A386D02824244F8800E2BBC9 /* GameScene.h */,
				A386D02924244F8800E2BBC9 /* GameScene.m */,
				A386D02B24244F8800E2BBC9 /* GameViewController.h */,
				A386D02C24244F8800E2BBC9 /* GameViewController.m */,
				A386D02E24244F8800E2BBC9 /* Main.storyboard */,
				A386D03124244F8900E2BBC9 /* Assets.xcassets */,
				A386D03324244F8900E2BBC9 /* LaunchScreen.storyboard */,
				A386D03624244F8900E2BBC9 /* Info.plist */,
				A386D03724244F8900E2BBC9 /* main.m */,
			);
			path = FlipSample;
			sourceTree = "<group>";
		};
/* End PBXGroup section */

/* Begin PBXNativeTarget section */
		A386D01D24244F8800E2BBC9 /* FlipSample */ = {
			isa = PBXNativeTarget;
			buildConfigurationList = A386D03B24244F8900E2BBC9 /* Build configuration list for PBXNativeTarget "FlipSample" */;
			buildPhases = (
				A386D01A24244F8800E2BBC9 /* Sources */,
				A386D01B24244F8800E2BBC9 /* Frameworks */,
				A386D01C24244F8800E2BBC9 /* Resources */,
			);
			buildRules = (
			);
			dependencies = (
			);
			name = FlipSample;
			productName = FlipSample;
			productReference = A386D01E24244F8800E2BBC9 /* FlipSample.app */;
			productType = "com.apple.product-type.application";
		};
/* End PBXNativeTarget section */

/* Begin PBXProject section */
		A386D01624244F8800E2BBC9 /* Project object */ = {
			isa = PBXProject;
			attributes = {
				LastUpgradeCheck = 1100;
				ORGANIZATIONNAME = ClubA;
				TargetAttributes = {
					A386D01D24244F8800E2BBC9 = {
						CreatedOnToolsVersion = 11.0;
					};
				};
			};
			buildConfigurationList = A386D01924244F8800E2BBC9 /* Build configuration list for PBXProject "FlipSample" */;
			compatibilityVersion = "Xcode 9.3";
			developmentRegion = en;
			hasScannedForEncodings = 0;
			knownRegions = (
				en,
				Base,
			);
			mainGroup = A386D01524244F8800E2BBC9;
			productRefGroup = A386D01F24244F8800E2BBC9 /* Products */;
			projectDirPath = "";
			projectRoot = "";
			targets = (
				A386D01D24244F8800E2BBC9 /* FlipSample */,
			);
		};
/* End PBXProject section */

/* Begin PBXResourcesBuildPhase section */
		A386D01C24244F8800E2BBC9 /* Resources */ = {
			isa = PBXResourcesBuildPhase;
			buildActionMask = 2147483647;
			files = (
				A386D03024244F8800E2BBC9 /* Main.storyboard in Resources */,
				A386D03224244F8900E2BBC9 /* Assets.xcassets in Resources */,
				A386D03524244F8900E2BBC9 /* LaunchScreen.storyboard in Resources */,
			);
			runOnlyForDeploymentPostprocessing = 0;
		};
/* End PBXResourcesBuildPhase section */

/* Begin PBXSourcesBuildPhase section */
		A386D01A24244F8800E2BBC9 /* Sources */ = {
			isa = PBXSourcesBuildPhase;
			buildActionMask = 2147483647;
			files = (
				A386D02A24244F8800E2BBC9 /* GameScene.m in Sources */,
				A386D02D24244F8800E2BBC9 /* GameViewController.m in Sources */,
				A386D03824244F8900E2BBC9 /* main.m in Sources */,
				A386D02324244F8800E2BBC9 /* AppDelegate.m in Sources */,
			);
			runOnlyForDeploymentPostprocessing = 0;
		};
/* End PBXSourcesBuildPhase section */

/* Begin PBXVariantGroup section */
		A386D02E24244F8800E2BBC9 /* Main.storyboard */ = {
			isa = PBXVariantGroup;
			children = (
				A386D02F24244F8800E2BBC9 /* Base */,
			);
			name = Main.storyboard;
			sourceTree = "<group>";
		};
		A386D03324244F8900E2BBC9 /* LaunchScreen.storyboard */ = {
			isa = PBXVariantGroup;
			children = (
				A386D03424244F8900E2BBC9 /* Base */,
			);
			name = LaunchScreen.storyboard;
			sourceTree = "<group>";
		};
/* End PBXVariantGroup section */

/* Begin XCBuildConfiguration section */
		A386D03924244F8900E2BBC9 /* Debug */ = {
			isa = XCBuildConfiguration;
			buildSettings = {
				ALWAYS_SEARCH_USER_PATHS = NO;
				CLANG_ANALYZER_NONNULL = YES;
				CLANG_ANALYZER_NUMBER_OBJECT_CONVERSION = YES_AGGRESSIVE;
				CLANG_CXX_LANGUAGE_STANDARD = "gnu++14";
				CLANG_CXX_LIBRARY = "libc++";
				CLANG_ENABLE_MODULES = YES;
				CLANG_ENABLE_OBJC_ARC = YES;
				CLANG_ENABLE_OBJC_WEAK = YES;
				CLANG_WARN_BLOCK_CAPTURE_AUTORELEASING = YES;
				CLANG_WARN_BOOL_CONVERSION = YES;
				CLANG_WARN_COMMA = YES;
				CLANG_WARN_CONSTANT_CONVERSION = YES;
				CLANG_WARN_DEPRECATED_OBJC_IMPLEMENTATIONS = YES;
				CLANG_WARN_DIRECT_OBJC_ISA_USAGE = YES_ERROR;
				CLANG_WARN_DOCUMENTATION_COMMENTS = YES;
				CLANG_WARN_EMPTY_BODY = YES;
				CLANG_WARN_ENUM_CONVERSION = YES;
				CLANG_WARN_INFINITE_RECURSION = YES;
				CLANG_WARN_INT_CONVERSION = YES;
				CLANG_WARN_NON_LITERAL_NULL_CONVERSION = YES;
				CLANG_WARN_OBJC_IMPLICIT_RETAIN_SELF = YES;
				CLANG_WARN_OBJC_LITERAL_CONVERSION = YES;
				CLANG_WARN_OBJC_ROOT_CLASS = YES_ERROR;
				CLANG_WARN_RANGE_LOOP_ANALYSIS = YES;
				CLANG_WARN_STRICT_PROTOTYPES = YES;
				CLANG_WARN_SUSPICIOUS_MOVE = YES;
				CLANG_WARN_UNGUARDED_AVAILABILITY = YES_AGGRESSIVE;
				CLANG_WARN_UNREACHABLE_CODE = YES;
				CLANG_WARN__DUPLICATE_METHOD_MATCH = YES;
				COPY_PHASE_STRIP = NO;
				DEBUG_INFORMATION_FORMAT = dwarf;
				ENABLE_STRICT_OBJC_MSGSEND = YES;
				ENABLE_TESTABILITY = YES;
				GCC_C_LANGUAGE_STANDARD = gnu11;
				GCC_DYNAMIC_NO_PIC = NO;
				GCC_NO_COMMON_BLOCKS = YES;
				GCC_OPTIMIZATION_LEVEL = 0;
				GCC_PREPROCESSOR_DEFINITIONS = (
					"DEBUG=1",
					"$(inherited)",
				);
				GCC_WARN_64_TO_32_BIT_CONVERSION = YES;
				GCC_WARN_ABOUT_RETURN_TYPE = YES_ERROR;
				GCC_WARN_UNDECLARED_SELECTOR = YES;
				GCC_WARN_UNINITIALIZED_AUTOS = YES_AGGRESSIVE;
				GCC_WARN_UNUSED_FUNCTION = YES;
				GCC_WARN_UNUSED_VARIABLE = YES;
				IPHONEOS_DEPLOYMENT_TARGET = 13.0;
				MTL_ENABLE_DEBUG_INFO = INCLUDE_SOURCE;
				MTL_FAST_MATH = YES;
				ONLY_ACTIVE_ARCH = YES;
				SDKROOT = iphoneos;
			};
			name = Debug;
		};
		A386D03A24244F8900E2BBC9 /* Release */ = {
			isa = XCBuildConfiguration;
			buildSettings = {
				ALWAYS_SEARCH_USER_PATHS = NO;
				CLANG_ANALYZER_NONNULL = YES;
				CLANG_ANALYZER_NUMBER_OBJECT_CONVERSION = YES_AGGRESSIVE;
				CLANG_CXX_LANGUAGE_STANDARD = "gnu++14";
				CLANG_CXX_LIBRARY = "libc++";
				CLANG_ENABLE_MODULES = YES;
				CLANG_ENABLE_OBJC_ARC = YES;
				CLANG_ENABLE_OBJC_WEAK = YES;
				CLANG_WARN_BLOCK_CAPTURE_AUTORELEASING = YES;
				CLANG_WARN_BOOL_CONVERSION = YES;
				CLANG_WARN_COMMA = YES;
				CLANG_WARN_CONSTANT_CONVERSION = YES;
				CLANG_WARN_DEPRECATED_OBJC_IMPLEMENTATIONS = YES;
				CLANG_WARN_DIRECT_OBJC_ISA_USAGE = YES_ERROR;
				CLANG_WARN_DOCUMENTATION_COMMENTS = YES;
				CLANG_WARN_EMPTY_BODY = YES;
				CLANG_WARN_ENUM_CONVERSION = YES;
				CLANG_WARN_INFINITE_RECURSION = YES;
				CLANG_WARN_INT_CONVERSION = YES;
				CLANG_WARN_NON_LITERAL_NULL_CONVERSION = YES;
				CLANG_WARN_OBJC_IMPLICIT_RETAIN_SELF = YES;
				CLANG_WARN_OBJC_LITERAL_CONVERSION = YES;
				CLANG_WARN_OBJC_ROOT_CLASS = YES_ERROR;
				CLANG_WARN_RANGE_LOOP_ANALYSIS = YES;
				CLANG_WARN_STRICT_PROTOTYPES = YES;
				CLANG_WARN_SUSPICIOUS_MOVE = YES;
				CLANG_WARN_UNGUARDED_AVAILABILITY = YES_AGGRESSIVE;
				CLANG_WARN_UNREACHABLE_CODE = YES;
				CLANG_WARN__DUPLICATE_METHOD_MATCH = YES;
				COPY_PHASE_STRIP = NO;
				DEBUG_INFORMATION_FORMAT = "dwarf-with-dsym";
				ENABLE_NS_ASSERTIONS = NO;
				ENABLE_STRICT_OBJC_MSGSEND = YES;
				GCC_C_LANGUAGE_STANDARD = gnu11;
				GCC_NO_COMMON_BLOCKS = YES;
				GCC_WARN_64_TO_32_BIT_CONVERSION = YES;
				GCC_WARN_ABOUT_RETURN_TYPE = YES_ERROR;
				GCC_WARN_UNDECLARED_SELECTOR = YES;
				GCC_WARN_UNINITIALIZED_AUTOS = YES_AGGRESSIVE;
				GCC_WARN_UNUSED_FUNCTION = YES;
				GCC_WARN_UNUSED_VARIABLE = YES;
				IPHONEOS_DEPLOYMENT_TARGET = 13.0;
				MTL_ENABLE_DEBUG_INFO = NO;
				MTL_FAST_MATH = YES;
				SDKROOT = iphoneos;
				VALIDATE_PRODUCT = YES;
			};
			name = Release;
		};
		A386D03C24244F8900E2BBC9 /* Debug */ = {
			isa = XCBuildConfiguration;
			buildSettings = {
				ASSETCATALOG_COMPILER_APPICON_NAME = AppIcon;
				CODE_SIGN_STYLE = Automatic;
				INFOPLIST_FILE = FlipSample/Info.plist;
				LD_RUNPATH_SEARCH_PATHS = (
					"$(inherited)",
					"@executable_path/Frameworks",
				);
				PRODUCT_BUNDLE_IDENTIFIER = com.cluba.FlipSample;
				PRODUCT_NAME = "$(TARGET_NAME)";
				TARGETED_DEVICE_FAMILY = "1,2";
			};
			name = Debug;
		};
		A386D03D24244F8900E2BBC9 /* Release */ = {
			isa = XCBuildConfiguration;
			buildSettings = {
				ASSETCATALOG_COMPILER_APPICON_NAME = AppIcon;
				CODE_SIGN_STYLE = Automatic;
				INFOPLIST_FILE = FlipSample/Info.plist;
				LD_RUNPATH_SEARCH_PATHS = (
					"$(inherited)",
					"@executable_path/Frameworks",
				);
				PRODUCT_BUNDLE_IDENTIFIER = com.cluba.FlipSample;
				PRODUCT_NAME = "$(TARGET_NAME)";
				TARGETED_DEVICE_FAMILY = "1,2";
			};
			name = Release;
		};
/* End XCBuildConfiguration section */

/* Begin XCConfigurationList section */
		A386D01924244F8800E2BBC9 /* Build configuration list for PBXProject "FlipSample" */ = {
			isa = XCConfigurationList;
			buildConfigurations = (
				A386D03924244F8900E2BBC9 /* Debug */,
				A386D03A24244F8900E2BBC9 /* Release */,
			);
			defaultConfigurationIsVisible = 0;
			defaultConfigurationName = Release;
		};
		A386D03B24244F8900E2BBC9 /* Build configuration list for PBXNativeTarget "FlipSample" */ = {
			isa = XCConfigurationList;
			buildConfigurations = (
				A386D03C24244F8900E2BBC9 /* Debug */,
				A386D03D24244F8900E2BBC9 /* Release */,
			);
			defaultConfigurationIsVisible = 0;
			defaultConfigurationName = Release;
		};
/* End XCConfigurationList section */
	};
	rootObject = A386D01624244F8800E2BBC9 /* Project object */;
}
